// !$*UTF8*$!
{
	archiveVersion = 1;
	classes = {
	};
	objectVersion = 48;
	objects = {

/* Begin PBXBuildFile section */
		916D89D91F7161CC00AEC953 /* AppDelegate.swift in Sources */ = {isa = PBXBuildFile; fileRef = 916D89D81F7161CC00AEC953 /* AppDelegate.swift */; };
		916D89DB1F7161CC00AEC953 /* GoalsVC.swift in Sources */ = {isa = PBXBuildFile; fileRef = 916D89DA1F7161CC00AEC953 /* GoalsVC.swift */; };
		916D89DE1F7161CC00AEC953 /* Main.storyboard in Resources */ = {isa = PBXBuildFile; fileRef = 916D89DC1F7161CC00AEC953 /* Main.storyboard */; };
		916D89E11F7161CC00AEC953 /* GoalPost.xcdatamodeld in Sources */ = {isa = PBXBuildFile; fileRef = 916D89DF1F7161CC00AEC953 /* GoalPost.xcdatamodeld */; };
		916D89E31F7161CC00AEC953 /* Assets.xcassets in Resources */ = {isa = PBXBuildFile; fileRef = 916D89E21F7161CC00AEC953 /* Assets.xcassets */; };
		916D89E61F7161CC00AEC953 /* LaunchScreen.storyboard in Resources */ = {isa = PBXBuildFile; fileRef = 916D89E41F7161CC00AEC953 /* LaunchScreen.storyboard */; };
		916D89F21F7170E400AEC953 /* GoalCell.swift in Sources */ = {isa = PBXBuildFile; fileRef = 916D89F11F7170E400AEC953 /* GoalCell.swift */; };
		916D89F41F7179DA00AEC953 /* GoalType.swift in Sources */ = {isa = PBXBuildFile; fileRef = 916D89F31F7179DA00AEC953 /* GoalType.swift */; };
		916D89F61F7182D700AEC953 /* CreateGoalVC.swift in Sources */ = {isa = PBXBuildFile; fileRef = 916D89F51F7182D700AEC953 /* CreateGoalVC.swift */; };
		916D89F81F7184C700AEC953 /* UIViewControllerExtension.swift in Sources */ = {isa = PBXBuildFile; fileRef = 916D89F71F7184C700AEC953 /* UIViewControllerExtension.swift */; };
		91E324A31F7257FE001A3A37 /* UIViewExtension.swift in Sources */ = {isa = PBXBuildFile; fileRef = 91E324A21F7257FE001A3A37 /* UIViewExtension.swift */; };
		91E324A51F725AC8001A3A37 /* UIButtonExtension.swift in Sources */ = {isa = PBXBuildFile; fileRef = 91E324A41F725AC8001A3A37 /* UIButtonExtension.swift */; };
		91E324A71F726367001A3A37 /* FinishedGoalVC.swift in Sources */ = {isa = PBXBuildFile; fileRef = 91E324A61F726367001A3A37 /* FinishedGoalVC.swift */; };
/* End PBXBuildFile section */

/* Begin PBXFileReference section */
		916D89D51F7161CC00AEC953 /* GoalPost.app */ = {isa = PBXFileReference; explicitFileType = wrapper.application; includeInIndex = 0; path = GoalPost.app; sourceTree = BUILT_PRODUCTS_DIR; };
		916D89D81F7161CC00AEC953 /* AppDelegate.swift */ = {isa = PBXFileReference; lastKnownFileType = sourcecode.swift; path = AppDelegate.swift; sourceTree = "<group>"; };
		916D89DA1F7161CC00AEC953 /* GoalsVC.swift */ = {isa = PBXFileReference; lastKnownFileType = sourcecode.swift; path = GoalsVC.swift; sourceTree = "<group>"; };
		916D89DD1F7161CC00AEC953 /* Base */ = {isa = PBXFileReference; lastKnownFileType = file.storyboard; name = Base; path = Base.lproj/Main.storyboard; sourceTree = "<group>"; };
		916D89E01F7161CC00AEC953 /* GoalPost.xcdatamodel */ = {isa = PBXFileReference; lastKnownFileType = wrapper.xcdatamodel; path = GoalPost.xcdatamodel; sourceTree = "<group>"; };
		916D89E21F7161CC00AEC953 /* Assets.xcassets */ = {isa = PBXFileReference; lastKnownFileType = folder.assetcatalog; path = Assets.xcassets; sourceTree = "<group>"; };
		916D89E51F7161CC00AEC953 /* Base */ = {isa = PBXFileReference; lastKnownFileType = file.storyboard; name = Base; path = Base.lproj/LaunchScreen.storyboard; sourceTree = "<group>"; };
		916D89E71F7161CC00AEC953 /* Info.plist */ = {isa = PBXFileReference; lastKnownFileType = text.plist.xml; path = Info.plist; sourceTree = "<group>"; };
		916D89F11F7170E400AEC953 /* GoalCell.swift */ = {isa = PBXFileReference; lastKnownFileType = sourcecode.swift; path = GoalCell.swift; sourceTree = "<group>"; };
		916D89F31F7179DA00AEC953 /* GoalType.swift */ = {isa = PBXFileReference; lastKnownFileType = sourcecode.swift; path = GoalType.swift; sourceTree = "<group>"; };
		916D89F51F7182D700AEC953 /* CreateGoalVC.swift */ = {isa = PBXFileReference; lastKnownFileType = sourcecode.swift; path = CreateGoalVC.swift; sourceTree = "<group>"; };
		916D89F71F7184C700AEC953 /* UIViewControllerExtension.swift */ = {isa = PBXFileReference; lastKnownFileType = sourcecode.swift; path = UIViewControllerExtension.swift; sourceTree = "<group>"; };
		91E324A21F7257FE001A3A37 /* UIViewExtension.swift */ = {isa = PBXFileReference; lastKnownFileType = sourcecode.swift; path = UIViewExtension.swift; sourceTree = "<group>"; };
		91E324A41F725AC8001A3A37 /* UIButtonExtension.swift */ = {isa = PBXFileReference; lastKnownFileType = sourcecode.swift; path = UIButtonExtension.swift; sourceTree = "<group>"; };
		91E324A61F726367001A3A37 /* FinishedGoalVC.swift */ = {isa = PBXFileReference; lastKnownFileType = sourcecode.swift; path = FinishedGoalVC.swift; sourceTree = "<group>"; };
/* End PBXFileReference section */

/* Begin PBXFrameworksBuildPhase section */
		916D89D21F7161CC00AEC953 /* Frameworks */ = {
			isa = PBXFrameworksBuildPhase;
			buildActionMask = 2147483647;
			files = (
			);
			runOnlyForDeploymentPostprocessing = 0;
		};
/* End PBXFrameworksBuildPhase section */

/* Begin PBXGroup section */
		916D89CC1F7161CC00AEC953 = {
			isa = PBXGroup;
			children = (
				916D89D71F7161CC00AEC953 /* GoalPost */,
				916D89D61F7161CC00AEC953 /* Products */,
			);
			sourceTree = "<group>";
		};
		916D89D61F7161CC00AEC953 /* Products */ = {
			isa = PBXGroup;
			children = (
				916D89D51F7161CC00AEC953 /* GoalPost.app */,
			);
			name = Products;
			sourceTree = "<group>";
		};
		916D89D71F7161CC00AEC953 /* GoalPost */ = {
			isa = PBXGroup;
			children = (
				916D89F01F71632200AEC953 /* Extensions */,
				916D89EF1F71631700AEC953 /* Enums */,
				916D89EE1F71630A00AEC953 /* View */,
				916D89ED1F7162F000AEC953 /* Controller */,
				916D89D81F7161CC00AEC953 /* AppDelegate.swift */,
				916D89DC1F7161CC00AEC953 /* Main.storyboard */,
				916D89E21F7161CC00AEC953 /* Assets.xcassets */,
				916D89E41F7161CC00AEC953 /* LaunchScreen.storyboard */,
				916D89E71F7161CC00AEC953 /* Info.plist */,
				916D89DF1F7161CC00AEC953 /* GoalPost.xcdatamodeld */,
			);
			path = GoalPost;
			sourceTree = "<group>";
		};
		916D89ED1F7162F000AEC953 /* Controller */ = {
			isa = PBXGroup;
			children = (
				916D89DA1F7161CC00AEC953 /* GoalsVC.swift */,
				916D89F51F7182D700AEC953 /* CreateGoalVC.swift */,
				91E324A61F726367001A3A37 /* FinishedGoalVC.swift */,
			);
			path = Controller;
			sourceTree = "<group>";
		};
		916D89EE1F71630A00AEC953 /* View */ = {
			isa = PBXGroup;
			children = (
				916D89F11F7170E400AEC953 /* GoalCell.swift */,
			);
			path = View;
			sourceTree = "<group>";
		};
		916D89EF1F71631700AEC953 /* Enums */ = {
			isa = PBXGroup;
			children = (
				916D89F31F7179DA00AEC953 /* GoalType.swift */,
			);
			path = Enums;
			sourceTree = "<group>";
		};
		916D89F01F71632200AEC953 /* Extensions */ = {
			isa = PBXGroup;
			children = (
				916D89F71F7184C700AEC953 /* UIViewControllerExtension.swift */,
				91E324A21F7257FE001A3A37 /* UIViewExtension.swift */,
				91E324A41F725AC8001A3A37 /* UIButtonExtension.swift */,
			);
			path = Extensions;
			sourceTree = "<group>";
		};
/* End PBXGroup section */

/* Begin PBXNativeTarget section */
		916D89D41F7161CC00AEC953 /* GoalPost */ = {
			isa = PBXNativeTarget;
			buildConfigurationList = 916D89EA1F7161CC00AEC953 /* Build configuration list for PBXNativeTarget "GoalPost" */;
			buildPhases = (
				916D89D11F7161CC00AEC953 /* Sources */,
				916D89D21F7161CC00AEC953 /* Frameworks */,
				916D89D31F7161CC00AEC953 /* Resources */,
			);
			buildRules = (
			);
			dependencies = (
			);
			name = GoalPost;
			productName = GoalPost;
			productReference = 916D89D51F7161CC00AEC953 /* GoalPost.app */;
			productType = "com.apple.product-type.application";
		};
/* End PBXNativeTarget section */

/* Begin PBXProject section */
		916D89CD1F7161CC00AEC953 /* Project object */ = {
			isa = PBXProject;
			attributes = {
				LastSwiftUpdateCheck = 0900;
				LastUpgradeCheck = 0900;
				ORGANIZATIONNAME = "Stanley Pan";
				TargetAttributes = {
					916D89D41F7161CC00AEC953 = {
						CreatedOnToolsVersion = 9.0;
						ProvisioningStyle = Automatic;
					};
				};
			};
			buildConfigurationList = 916D89D01F7161CC00AEC953 /* Build configuration list for PBXProject "GoalPost" */;
			compatibilityVersion = "Xcode 8.0";
			developmentRegion = en;
			hasScannedForEncodings = 0;
			knownRegions = (
				en,
				Base,
			);
			mainGroup = 916D89CC1F7161CC00AEC953;
			productRefGroup = 916D89D61F7161CC00AEC953 /* Products */;
			projectDirPath = "";
			projectRoot = "";
			targets = (
				916D89D41F7161CC00AEC953 /* GoalPost */,
			);
		};
/* End PBXProject section */

/* Begin PBXResourcesBuildPhase section */
		916D89D31F7161CC00AEC953 /* Resources */ = {
			isa = PBXResourcesBuildPhase;
			buildActionMask = 2147483647;
			files = (
				916D89E61F7161CC00AEC953 /* LaunchScreen.storyboard in Resources */,
				916D89E31F7161CC00AEC953 /* Assets.xcassets in Resources */,
				916D89DE1F7161CC00AEC953 /* Main.storyboard in Resources */,
			);
			runOnlyForDeploymentPostprocessing = 0;
		};
/* End PBXResourcesBuildPhase section */

/* Begin PBXSourcesBuildPhase section */
		916D89D11F7161CC00AEC953 /* Sources */ = {
			isa = PBXSourcesBuildPhase;
			buildActionMask = 2147483647;
			files = (
				916D89F21F7170E400AEC953 /* GoalCell.swift in Sources */,
				916D89F61F7182D700AEC953 /* CreateGoalVC.swift in Sources */,
				916D89F41F7179DA00AEC953 /* GoalType.swift in Sources */,
				916D89DB1F7161CC00AEC953 /* GoalsVC.swift in Sources */,
				916D89D91F7161CC00AEC953 /* AppDelegate.swift in Sources */,
				91E324A51F725AC8001A3A37 /* UIButtonExtension.swift in Sources */,
				916D89F81F7184C700AEC953 /* UIViewControllerExtension.swift in Sources */,
				91E324A71F726367001A3A37 /* FinishedGoalVC.swift in Sources */,
				91E324A31F7257FE001A3A37 /* UIViewExtension.swift in Sources */,
				916D89E11F7161CC00AEC953 /* GoalPost.xcdatamodeld in Sources */,
			);
			runOnlyForDeploymentPostprocessing = 0;
		};
/* End PBXSourcesBuildPhase section */

/* Begin PBXVariantGroup section */
		916D89DC1F7161CC00AEC953 /* Main.storyboard */ = {
			isa = PBXVariantGroup;
			children = (
				916D89DD1F7161CC00AEC953 /* Base */,
			);
			name = Main.storyboard;
			sourceTree = "<group>";
		};
		916D89E41F7161CC00AEC953 /* LaunchScreen.storyboard */ = {
			isa = PBXVariantGroup;
			children = (
				916D89E51F7161CC00AEC953 /* Base */,
			);
			name = LaunchScreen.storyboard;
			sourceTree = "<group>";
		};
/* End PBXVariantGroup section */

/* Begin XCBuildConfiguration section */
		916D89E81F7161CC00AEC953 /* Debug */ = {
			isa = XCBuildConfiguration;
			buildSettings = {
				ALWAYS_SEARCH_USER_PATHS = NO;
				CLANG_ANALYZER_NONNULL = YES;
				CLANG_ANALYZER_NUMBER_OBJECT_CONVERSION = YES_AGGRESSIVE;
				CLANG_CXX_LANGUAGE_STANDARD = "gnu++14";
				CLANG_CXX_LIBRARY = "libc++";
				CLANG_ENABLE_MODULES = YES;
				CLANG_ENABLE_OBJC_ARC = YES;
				CLANG_WARN_BLOCK_CAPTURE_AUTORELEASING = YES;
				CLANG_WARN_BOOL_CONVERSION = YES;
				CLANG_WARN_COMMA = YES;
				CLANG_WARN_CONSTANT_CONVERSION = YES;
				CLANG_WARN_DIRECT_OBJC_ISA_USAGE = YES_ERROR;
				CLANG_WARN_DOCUMENTATION_COMMENTS = YES;
				CLANG_WARN_EMPTY_BODY = YES;
				CLANG_WARN_ENUM_CONVERSION = YES;
				CLANG_WARN_INFINITE_RECURSION = YES;
				CLANG_WARN_INT_CONVERSION = YES;
				CLANG_WARN_NON_LITERAL_NULL_CONVERSION = YES;
				CLANG_WARN_OBJC_LITERAL_CONVERSION = YES;
				CLANG_WARN_OBJC_ROOT_CLASS = YES_ERROR;
				CLANG_WARN_RANGE_LOOP_ANALYSIS = YES;
				CLANG_WARN_STRICT_PROTOTYPES = YES;
				CLANG_WARN_SUSPICIOUS_MOVE = YES;
				CLANG_WARN_UNGUARDED_AVAILABILITY = YES_AGGRESSIVE;
				CLANG_WARN_UNREACHABLE_CODE = YES;
				CLANG_WARN__DUPLICATE_METHOD_MATCH = YES;
				CODE_SIGN_IDENTITY = "iPhone Developer";
				COPY_PHASE_STRIP = NO;
				DEBUG_INFORMATION_FORMAT = dwarf;
				ENABLE_STRICT_OBJC_MSGSEND = YES;
				ENABLE_TESTABILITY = YES;
				GCC_C_LANGUAGE_STANDARD = gnu11;
				GCC_DYNAMIC_NO_PIC = NO;
				GCC_NO_COMMON_BLOCKS = YES;
				GCC_OPTIMIZATION_LEVEL = 0;
				GCC_PREPROCESSOR_DEFINITIONS = (
					"DEBUG=1",
					"$(inherited)",
				);
				GCC_WARN_64_TO_32_BIT_CONVERSION = YES;
				GCC_WARN_ABOUT_RETURN_TYPE = YES_ERROR;
				GCC_WARN_UNDECLARED_SELECTOR = YES;
				GCC_WARN_UNINITIALIZED_AUTOS = YES_AGGRESSIVE;
				GCC_WARN_UNUSED_FUNCTION = YES;
				GCC_WARN_UNUSED_VARIABLE = YES;
				IPHONEOS_DEPLOYMENT_TARGET = 11.0;
				MTL_ENABLE_DEBUG_INFO = YES;
				ONLY_ACTIVE_ARCH = YES;
				SDKROOT = iphoneos;
				SWIFT_ACTIVE_COMPILATION_CONDITIONS = DEBUG;
				SWIFT_OPTIMIZATION_LEVEL = "-Onone";
			};
			name = Debug;
		};
		916D89E91F7161CC00AEC953 /* Release */ = {
			isa = XCBuildConfiguration;
			buildSettings = {
				ALWAYS_SEARCH_USER_PATHS = NO;
				CLANG_ANALYZER_NONNULL = YES;
				CLANG_ANALYZER_NUMBER_OBJECT_CONVERSION = YES_AGGRESSIVE;
				CLANG_CXX_LANGUAGE_STANDARD = "gnu++14";
				CLANG_CXX_LIBRARY = "libc++";
				CLANG_ENABLE_MODULES = YES;
				CLANG_ENABLE_OBJC_ARC = YES;
				CLANG_WARN_BLOCK_CAPTURE_AUTORELEASING = YES;
				CLANG_WARN_BOOL_CONVERSION = YES;
				CLANG_WARN_COMMA = YES;
				CLANG_WARN_CONSTANT_CONVERSION = YES;
				CLANG_WARN_DIRECT_OBJC_ISA_USAGE = YES_ERROR;
				CLANG_WARN_DOCUMENTATION_COMMENTS = YES;
				CLANG_WARN_EMPTY_BODY = YES;
				CLANG_WARN_ENUM_CONVERSION = YES;
				CLANG_WARN_INFINITE_RECURSION = YES;
				CLANG_WARN_INT_CONVERSION = YES;
				CLANG_WARN_NON_LITERAL_NULL_CONVERSION = YES;
				CLANG_WARN_OBJC_LITERAL_CONVERSION = YES;
				CLANG_WARN_OBJC_ROOT_CLASS = YES_ERROR;
				CLANG_WARN_RANGE_LOOP_ANALYSIS = YES;
				CLANG_WARN_STRICT_PROTOTYPES = YES;
				CLANG_WARN_SUSPICIOUS_MOVE = YES;
				CLANG_WARN_UNGUARDED_AVAILABILITY = YES_AGGRESSIVE;
				CLANG_WARN_UNREACHABLE_CODE = YES;
				CLANG_WARN__DUPLICATE_METHOD_MATCH = YES;
				CODE_SIGN_IDENTITY = "iPhone Developer";
				COPY_PHASE_STRIP = NO;
				DEBUG_INFORMATION_FORMAT = "dwarf-with-dsym";
				ENABLE_NS_ASSERTIONS = NO;
				ENABLE_STRICT_OBJC_MSGSEND = YES;
				GCC_C_LANGUAGE_STANDARD = gnu11;
				GCC_NO_COMMON_BLOCKS = YES;
				GCC_WARN_64_TO_32_BIT_CONVERSION = YES;
				GCC_WARN_ABOUT_RETURN_TYPE = YES_ERROR;
				GCC_WARN_UNDECLARED_SELECTOR = YES;
				GCC_WARN_UNINITIALIZED_AUTOS = YES_AGGRESSIVE;
				GCC_WARN_UNUSED_FUNCTION = YES;
				GCC_WARN_UNUSED_VARIABLE = YES;
				IPHONEOS_DEPLOYMENT_TARGET = 11.0;
				MTL_ENABLE_DEBUG_INFO = NO;
				SDKROOT = iphoneos;
				SWIFT_OPTIMIZATION_LEVEL = "-Owholemodule";
				VALIDATE_PRODUCT = YES;
			};
			name = Release;
		};
		916D89EB1F7161CC00AEC953 /* Debug */ = {
			isa = XCBuildConfiguration;
			buildSettings = {
				ASSETCATALOG_COMPILER_APPICON_NAME = AppIcon;
				CODE_SIGN_STYLE = Automatic;
				DEVELOPMENT_TEAM = P48JT8XFF3;
				INFOPLIST_FILE = GoalPost/Info.plist;
				LD_RUNPATH_SEARCH_PATHS = "$(inherited) @executable_path/Frameworks";
				PRODUCT_BUNDLE_IDENTIFIER = com.stanleypan.GoalPost;
				PRODUCT_NAME = "$(TARGET_NAME)";
				SWIFT_VERSION = 4.0;
				TARGETED_DEVICE_FAMILY = "1,2";
			};
			name = Debug;
		};
		916D89EC1F7161CC00AEC953 /* Release */ = {
			isa = XCBuildConfiguration;
			buildSettings = {
				ASSETCATALOG_COMPILER_APPICON_NAME = AppIcon;
				CODE_SIGN_STYLE = Automatic;
				DEVELOPMENT_TEAM = P48JT8XFF3;
				INFOPLIST_FILE = GoalPost/Info.plist;
				LD_RUNPATH_SEARCH_PATHS = "$(inherited) @executable_path/Frameworks";
				PRODUCT_BUNDLE_IDENTIFIER = com.stanleypan.GoalPost;
				PRODUCT_NAME = "$(TARGET_NAME)";
				SWIFT_VERSION = 4.0;
				TARGETED_DEVICE_FAMILY = "1,2";
			};
			name = Release;
		};
/* End XCBuildConfiguration section */

/* Begin XCConfigurationList section */
		916D89D01F7161CC00AEC953 /* Build configuration list for PBXProject "GoalPost" */ = {
			isa = XCConfigurationList;
			buildConfigurations = (
				916D89E81F7161CC00AEC953 /* Debug */,
				916D89E91F7161CC00AEC953 /* Release */,
			);
			defaultConfigurationIsVisible = 0;
			defaultConfigurationName = Release;
		};
		916D89EA1F7161CC00AEC953 /* Build configuration list for PBXNativeTarget "GoalPost" */ = {
			isa = XCConfigurationList;
			buildConfigurations = (
				916D89EB1F7161CC00AEC953 /* Debug */,
				916D89EC1F7161CC00AEC953 /* Release */,
			);
			defaultConfigurationIsVisible = 0;
			defaultConfigurationName = Release;
		};
/* End XCConfigurationList section */

/* Begin XCVersionGroup section */
		916D89DF1F7161CC00AEC953 /* GoalPost.xcdatamodeld */ = {
			isa = XCVersionGroup;
			children = (
				916D89E01F7161CC00AEC953 /* GoalPost.xcdatamodel */,
			);
			currentVersion = 916D89E01F7161CC00AEC953 /* GoalPost.xcdatamodel */;
			path = GoalPost.xcdatamodeld;
			sourceTree = "<group>";
			versionGroupType = wrapper.xcdatamodel;
		};
/* End XCVersionGroup section */
	};
	rootObject = 916D89CD1F7161CC00AEC953 /* Project object */;
}
